
Microsoft Visual Studio Solution File, Format Version 12.00
# Visual Studio Version 17
VisualStudioVersion = 17.13.35919.96 d17.13
MinimumVisualStudioVersion = 10.0.40219.1
Project("{FAE04EC0-301F-11D3-BF4B-00C04F79EFBC}") = "Tuan1", "Tuan1\Tuan1.csproj", "{5AF6E8C6-2FF1-47D9-B469-FB7A0CA64036}"
EndProject
Global
	GlobalSection(SolutionConfigurationPlatforms) = preSolution
		Debug|Any CPU = Debug|Any CPU
		Release|Any CPU = Release|Any CPU
	EndGlobalSection
	GlobalSection(ProjectConfigurationPlatforms) = postSolution
		{5AF6E8C6-2FF1-47D9-B469-FB7A0CA64036}.Debug|Any CPU.ActiveCfg = Debug|Any CPU
		{5AF6E8C6-2FF1-47D9-B469-FB7A0CA64036}.Debug|Any CPU.Build.0 = Debug|Any CPU
		{5AF6E8C6-2FF1-47D9-B469-FB7A0CA64036}.Release|Any CPU.ActiveCfg = Release|Any CPU
		{5AF6E8C6-2FF1-47D9-B469-FB7A0CA64036}.Release|Any CPU.Build.0 = Release|Any CPU
	EndGlobalSection
	GlobalSection(SolutionProperties) = preSolution
		HideSolutionNode = FALSE
	EndGlobalSection
	GlobalSection(ExtensibilityGlobals) = postSolution
		SolutionGuid = {4A020129-5309-4847-967F-0A6BAC4CF37F}
	EndGlobalSection
EndGlobal
